
Microsoft Visual Studio Solution File, Format Version 12.00
# Visual Studio Version 17
VisualStudioVersion = 17.10.34928.147
MinimumVisualStudioVersion = 10.0.40219.1
Project("{FAE04EC0-301F-11D3-BF4B-00C04F79EFBC}") = "MVCFinalProect", "MVCFinalProect\MVCFinalProect.csproj", "{ED8CB724-309A-431E-9F1F-1181D1DC4A57}"
EndProject
Global
	GlobalSection(SolutionConfigurationPlatforms) = preSolution
		Debug|Any CPU = Debug|Any CPU
		Release|Any CPU = Release|Any CPU
	EndGlobalSection
	GlobalSection(ProjectConfigurationPlatforms) = postSolution
		{ED8CB724-309A-431E-9F1F-1181D1DC4A57}.Debug|Any CPU.ActiveCfg = Debug|Any CPU
		{ED8CB724-309A-431E-9F1F-1181D1DC4A57}.Debug|Any CPU.Build.0 = Debug|Any CPU
		{ED8CB724-309A-431E-9F1F-1181D1DC4A57}.Release|Any CPU.ActiveCfg = Release|Any CPU
		{ED8CB724-309A-431E-9F1F-1181D1DC4A57}.Release|Any CPU.Build.0 = Release|Any CPU
	EndGlobalSection
	GlobalSection(SolutionProperties) = preSolution
		HideSolutionNode = FALSE
	EndGlobalSection
	GlobalSection(ExtensibilityGlobals) = postSolution
		SolutionGuid = {29B14472-3B0E-410A-9FA2-C9CD96A2C598}
	EndGlobalSection
EndGlobal
